
Microsoft Visual Studio Solution File, Format Version 12.00
# Visual Studio 15
VisualStudioVersion = 15.0.27703.2026
MinimumVisualStudioVersion = 10.0.40219.1
Project("{FAE04EC0-301F-11D3-BF4B-00C04F79EFBC}") = "WebApi", "WebApi\WebApi.csproj", "{0876A928-2C5E-42A2-BBF2-7C701658C4E8}"
EndProject
Project("{FAE04EC0-301F-11D3-BF4B-00C04F79EFBC}") = "Data", "Repository\Data.csproj", "{E08AFEF1-0E05-40D2-AAD8-2FC2C9187B82}"
EndProject
Project("{FAE04EC0-301F-11D3-BF4B-00C04F79EFBC}") = "Service", "Service\Service.csproj", "{F26F0ED3-A9AF-4805-A7CF-DED8930EE3D3}"
EndProject
Project("{FAE04EC0-301F-11D3-BF4B-00C04F79EFBC}") = "UnitTest", "UnitTest\UnitTest.csproj", "{87DBADC7-24A1-4E1C-87E2-D02C48E27D5C}"
EndProject
Global
	GlobalSection(SolutionConfigurationPlatforms) = preSolution
		Debug|Any CPU = Debug|Any CPU
		Release|Any CPU = Release|Any CPU
	EndGlobalSection
	GlobalSection(ProjectConfigurationPlatforms) = postSolution
		{0876A928-2C5E-42A2-BBF2-7C701658C4E8}.Debug|Any CPU.ActiveCfg = Debug|Any CPU
		{0876A928-2C5E-42A2-BBF2-7C701658C4E8}.Debug|Any CPU.Build.0 = Debug|Any CPU
		{0876A928-2C5E-42A2-BBF2-7C701658C4E8}.Release|Any CPU.ActiveCfg = Release|Any CPU
		{0876A928-2C5E-42A2-BBF2-7C701658C4E8}.Release|Any CPU.Build.0 = Release|Any CPU
		{E08AFEF1-0E05-40D2-AAD8-2FC2C9187B82}.Debug|Any CPU.ActiveCfg = Debug|Any CPU
		{E08AFEF1-0E05-40D2-AAD8-2FC2C9187B82}.Debug|Any CPU.Build.0 = Debug|Any CPU
		{E08AFEF1-0E05-40D2-AAD8-2FC2C9187B82}.Release|Any CPU.ActiveCfg = Release|Any CPU
		{E08AFEF1-0E05-40D2-AAD8-2FC2C9187B82}.Release|Any CPU.Build.0 = Release|Any CPU
		{F26F0ED3-A9AF-4805-A7CF-DED8930EE3D3}.Debug|Any CPU.ActiveCfg = Debug|Any CPU
		{F26F0ED3-A9AF-4805-A7CF-DED8930EE3D3}.Debug|Any CPU.Build.0 = Debug|Any CPU
		{F26F0ED3-A9AF-4805-A7CF-DED8930EE3D3}.Release|Any CPU.ActiveCfg = Release|Any CPU
		{F26F0ED3-A9AF-4805-A7CF-DED8930EE3D3}.Release|Any CPU.Build.0 = Release|Any CPU
		{87DBADC7-24A1-4E1C-87E2-D02C48E27D5C}.Debug|Any CPU.ActiveCfg = Debug|Any CPU
		{87DBADC7-24A1-4E1C-87E2-D02C48E27D5C}.Debug|Any CPU.Build.0 = Debug|Any CPU
		{87DBADC7-24A1-4E1C-87E2-D02C48E27D5C}.Release|Any CPU.ActiveCfg = Release|Any CPU
		{87DBADC7-24A1-4E1C-87E2-D02C48E27D5C}.Release|Any CPU.Build.0 = Release|Any CPU
	EndGlobalSection
	GlobalSection(SolutionProperties) = preSolution
		HideSolutionNode = FALSE
	EndGlobalSection
	GlobalSection(ExtensibilityGlobals) = postSolution
		SolutionGuid = {9B3BB21D-B8DE-4819-8108-11EA46AFA410}
	EndGlobalSection
EndGlobal
